lockfileVersion: '9.0'

settings:
  autoInstallPeers: true
  excludeLinksFromLockfile: false

importers:

  .:
    dependencies:
      dockview-core:
        specifier: ^4.13.1
        version: 4.13.1
      mutts:
        specifier: link:../mutts
        version: link:../mutts

packages:

  dockview-core@4.13.1:
    resolution: {integrity: sha512-+7vR0ZEoL8CNck6NqDVUMqBT22niwBu5CMMI137dZ3c8NDc7c5Si+3dGEqQgM4lNtHBLAtvypo1C4p21J2wkiQ==}

snapshots:

  dockview-core@4.13.1: {}
